// !$*UTF8*$!
{
	archiveVersion = 1;
	classes = {
	};
	objectVersion = 77;
	objects = {

/* Begin PBXBuildFile section */
		4D9667A92E0ED18E0085C316 /* FirebaseAnalytics in Frameworks */ = {isa = PBXBuildFile; productRef = 4D9667A82E0ED18E0085C316 /* FirebaseAnalytics */; };
		4D9667AB2E0ED18E0085C316 /* FirebaseAuth in Frameworks */ = {isa = PBXBuildFile; productRef = 4D9667AA2E0ED18E0085C316 /* FirebaseAuth */; };
		4D9667AD2E0ED18E0085C316 /* FirebaseCrashlytics in Frameworks */ = {isa = PBXBuildFile; productRef = 4D9667AC2E0ED18E0085C316 /* FirebaseCrashlytics */; };
		4D9667AF2E0ED18E0085C316 /* FirebaseFirestore in Frameworks */ = {isa = PBXBuildFile; productRef = 4D9667AE2E0ED18E0085C316 /* FirebaseFirestore */; };
		4D9667B12E0ED18E0085C316 /* FirebaseFunctions in Frameworks */ = {isa = PBXBuildFile; productRef = 4D9667B02E0ED18E0085C316 /* FirebaseFunctions */; };
		4D9667B32E0ED18E0085C316 /* FirebaseMessaging in Frameworks */ = {isa = PBXBuildFile; productRef = 4D9667B22E0ED18E0085C316 /* FirebaseMessaging */; };
		4D9667B52E0ED18E0085C316 /* FirebasePerformance in Frameworks */ = {isa = PBXBuildFile; productRef = 4D9667B42E0ED18E0085C316 /* FirebasePerformance */; };
		4D9667B72E0ED18E0085C316 /* FirebaseRemoteConfig in Frameworks */ = {isa = PBXBuildFile; productRef = 4D9667B62E0ED18E0085C316 /* FirebaseRemoteConfig */; };
		4D9667B92E0ED18E0085C316 /* FirebaseStorage in Frameworks */ = {isa = PBXBuildFile; productRef = 4D9667B82E0ED18E0085C316 /* FirebaseStorage */; };
/* End PBXBuildFile section */

/* Begin PBXFileReference section */
		4D38B5BF2DC91DAD0015A146 /* OuickShop by Mystore.app */ = {isa = PBXFileReference; explicitFileType = wrapper.application; includeInIndex = 0; path = "OuickShop by Mystore.app"; sourceTree = BUILT_PRODUCTS_DIR; };
/* End PBXFileReference section */

/* Begin PBXFileSystemSynchronizedRootGroup section */
		4D38B5C12DC91DAD0015A146 /* OuickShop by Mystore */ = {
			isa = PBXFileSystemSynchronizedRootGroup;
			path = "OuickShop by Mystore";
			sourceTree = "<group>";
		};
/* End PBXFileSystemSynchronizedRootGroup section */

/* Begin PBXFrameworksBuildPhase section */
		4D38B5BC2DC91DAC0015A146 /* Frameworks */ = {
			isa = PBXFrameworksBuildPhase;
			buildActionMask = 2147483647;
			files = (
				4D9667B52E0ED18E0085C316 /* FirebasePerformance in Frameworks */,
				4D9667B32E0ED18E0085C316 /* FirebaseMessaging in Frameworks */,
				4D9667B92E0ED18E0085C316 /* FirebaseStorage in Frameworks */,
				4D9667AD2E0ED18E0085C316 /* FirebaseCrashlytics in Frameworks */,
				4D9667AF2E0ED18E0085C316 /* FirebaseFirestore in Frameworks */,
				4D9667B12E0ED18E0085C316 /* FirebaseFunctions in Frameworks */,
				4D9667A92E0ED18E0085C316 /* FirebaseAnalytics in Frameworks */,
				4D9667AB2E0ED18E0085C316 /* FirebaseAuth in Frameworks */,
				4D9667B72E0ED18E0085C316 /* FirebaseRemoteConfig in Frameworks */,
			);
			runOnlyForDeploymentPostprocessing = 0;
		};
/* End PBXFrameworksBuildPhase section */

/* Begin PBXGroup section */
		4D38B5B62DC91DAC0015A146 = {
			isa = PBXGroup;
			children = (
				4D38B5C12DC91DAD0015A146 /* OuickShop by Mystore */,
				4D38B5C02DC91DAD0015A146 /* Products */,
			);
			sourceTree = "<group>";
		};
		4D38B5C02DC91DAD0015A146 /* Products */ = {
			isa = PBXGroup;
			children = (
				4D38B5BF2DC91DAD0015A146 /* OuickShop by Mystore.app */,
			);
			name = Products;
			sourceTree = "<group>";
		};
/* End PBXGroup section */

/* Begin PBXNativeTarget section */
		4D38B5BE2DC91DAC0015A146 /* OuickShop by Mystore */ = {
			isa = PBXNativeTarget;
			buildConfigurationList = 4D38B5CA2DC91DAE0015A146 /* Build configuration list for PBXNativeTarget "OuickShop by Mystore" */;
			buildPhases = (
				4D38B5BB2DC91DAC0015A146 /* Sources */,
				4D38B5BC2DC91DAC0015A146 /* Frameworks */,
				4D38B5BD2DC91DAC0015A146 /* Resources */,
			);
			buildRules = (
			);
			dependencies = (
			);
			fileSystemSynchronizedGroups = (
				4D38B5C12DC91DAD0015A146 /* OuickShop by Mystore */,
			);
			name = "OuickShop by Mystore";
			productName = "OuickShop by Mystore";
			productReference = 4D38B5BF2DC91DAD0015A146 /* OuickShop by Mystore.app */;
			productType = "com.apple.product-type.application";
		};
/* End PBXNativeTarget section */

/* Begin PBXProject section */
		4D38B5B72DC91DAC0015A146 /* Project object */ = {
			isa = PBXProject;
			attributes = {
				BuildIndependentTargetsInParallel = 1;
				LastSwiftUpdateCheck = 1630;
				LastUpgradeCheck = 1630;
				TargetAttributes = {
					4D38B5BE2DC91DAC0015A146 = {
						CreatedOnToolsVersion = 16.3;
					};
				};
			};
			buildConfigurationList = 4D38B5BA2DC91DAC0015A146 /* Build configuration list for PBXProject "OuickShop by Mystore" */;
			developmentRegion = en;
			hasScannedForEncodings = 0;
			knownRegions = (
				en,
				Base,
			);
			mainGroup = 4D38B5B62DC91DAC0015A146;
			minimizedProjectReferenceProxies = 1;
			packageReferences = (
				4D9667A72E0ED18E0085C316 /* XCRemoteSwiftPackageReference "firebase-ios-sdk" */,
			);
			preferredProjectObjectVersion = 77;
			productRefGroup = 4D38B5C02DC91DAD0015A146 /* Products */;
			projectDirPath = "";
			projectRoot = "";
			targets = (
				4D38B5BE2DC91DAC0015A146 /* OuickShop by Mystore */,
			);
		};
/* End PBXProject section */

/* Begin PBXResourcesBuildPhase section */
		4D38B5BD2DC91DAC0015A146 /* Resources */ = {
			isa = PBXResourcesBuildPhase;
			buildActionMask = 2147483647;
			files = (
			);
			runOnlyForDeploymentPostprocessing = 0;
		};
/* End PBXResourcesBuildPhase section */

/* Begin PBXSourcesBuildPhase section */
		4D38B5BB2DC91DAC0015A146 /* Sources */ = {
			isa = PBXSourcesBuildPhase;
			buildActionMask = 2147483647;
			files = (
			);
			runOnlyForDeploymentPostprocessing = 0;
		};
/* End PBXSourcesBuildPhase section */

/* Begin XCBuildConfiguration section */
		4D38B5C82DC91DAE0015A146 /* Debug */ = {
			isa = XCBuildConfiguration;
			buildSettings = {
				ALWAYS_SEARCH_USER_PATHS = NO;
				ASSETCATALOG_COMPILER_GENERATE_SWIFT_ASSET_SYMBOL_EXTENSIONS = YES;
				CLANG_ANALYZER_NONNULL = YES;
				CLANG_ANALYZER_NUMBER_OBJECT_CONVERSION = YES_AGGRESSIVE;
				CLANG_CXX_LANGUAGE_STANDARD = "gnu++20";
				CLANG_ENABLE_MODULES = YES;
				CLANG_ENABLE_OBJC_ARC = YES;
				CLANG_ENABLE_OBJC_WEAK = YES;
				CLANG_WARN_BLOCK_CAPTURE_AUTORELEASING = YES;
				CLANG_WARN_BOOL_CONVERSION = YES;
				CLANG_WARN_COMMA = YES;
				CLANG_WARN_CONSTANT_CONVERSION = YES;
				CLANG_WARN_DEPRECATED_OBJC_IMPLEMENTATIONS = YES;
				CLANG_WARN_DIRECT_OBJC_ISA_USAGE = YES_ERROR;
				CLANG_WARN_DOCUMENTATION_COMMENTS = YES;
				CLANG_WARN_EMPTY_BODY = YES;
				CLANG_WARN_ENUM_CONVERSION = YES;
				CLANG_WARN_INFINITE_RECURSION = YES;
				CLANG_WARN_INT_CONVERSION = YES;
				CLANG_WARN_NON_LITERAL_NULL_CONVERSION = YES;
				CLANG_WARN_OBJC_IMPLICIT_RETAIN_SELF = YES;
				CLANG_WARN_OBJC_LITERAL_CONVERSION = YES;
				CLANG_WARN_OBJC_ROOT_CLASS = YES_ERROR;
				CLANG_WARN_QUOTED_INCLUDE_IN_FRAMEWORK_HEADER = YES;
				CLANG_WARN_RANGE_LOOP_ANALYSIS = YES;
				CLANG_WARN_STRICT_PROTOTYPES = YES;
				CLANG_WARN_SUSPICIOUS_MOVE = YES;
				CLANG_WARN_UNGUARDED_AVAILABILITY = YES_AGGRESSIVE;
				CLANG_WARN_UNREACHABLE_CODE = YES;
				CLANG_WARN__DUPLICATE_METHOD_MATCH = YES;
				COPY_PHASE_STRIP = NO;
				DEBUG_INFORMATION_FORMAT = dwarf;
				DEVELOPMENT_TEAM = CGLRSQ8G95;
				ENABLE_STRICT_OBJC_MSGSEND = YES;
				ENABLE_TESTABILITY = YES;
				ENABLE_USER_SCRIPT_SANDBOXING = YES;
				GCC_C_LANGUAGE_STANDARD = gnu17;
				GCC_DYNAMIC_NO_PIC = NO;
				GCC_NO_COMMON_BLOCKS = YES;
				GCC_OPTIMIZATION_LEVEL = 0;
				GCC_PREPROCESSOR_DEFINITIONS = (
					"DEBUG=1",
					"$(inherited)",
				);
				GCC_WARN_64_TO_32_BIT_CONVERSION = YES;
				GCC_WARN_ABOUT_RETURN_TYPE = YES_ERROR;
				GCC_WARN_UNDECLARED_SELECTOR = YES;
				GCC_WARN_UNINITIALIZED_AUTOS = YES_AGGRESSIVE;
				GCC_WARN_UNUSED_FUNCTION = YES;
				GCC_WARN_UNUSED_VARIABLE = YES;
				IPHONEOS_DEPLOYMENT_TARGET = 17.6;
				LOCALIZATION_PREFERS_STRING_CATALOGS = YES;
				MTL_ENABLE_DEBUG_INFO = INCLUDE_SOURCE;
				MTL_FAST_MATH = YES;
				ONLY_ACTIVE_ARCH = YES;
				SDKROOT = iphoneos;
				SWIFT_ACTIVE_COMPILATION_CONDITIONS = "DEBUG $(inherited)";
				SWIFT_OPTIMIZATION_LEVEL = "-Onone";
			};
			name = Debug;
		};
		4D38B5C92DC91DAE0015A146 /* Release */ = {
			isa = XCBuildConfiguration;
			buildSettings = {
				ALWAYS_SEARCH_USER_PATHS = NO;
				ASSETCATALOG_COMPILER_GENERATE_SWIFT_ASSET_SYMBOL_EXTENSIONS = YES;
				CLANG_ANALYZER_NONNULL = YES;
				CLANG_ANALYZER_NUMBER_OBJECT_CONVERSION = YES_AGGRESSIVE;
				CLANG_CXX_LANGUAGE_STANDARD = "gnu++20";
				CLANG_ENABLE_MODULES = YES;
				CLANG_ENABLE_OBJC_ARC = YES;
				CLANG_ENABLE_OBJC_WEAK = YES;
				CLANG_WARN_BLOCK_CAPTURE_AUTORELEASING = YES;
				CLANG_WARN_BOOL_CONVERSION = YES;
				CLANG_WARN_COMMA = YES;
				CLANG_WARN_CONSTANT_CONVERSION = YES;
				CLANG_WARN_DEPRECATED_OBJC_IMPLEMENTATIONS = YES;
				CLANG_WARN_DIRECT_OBJC_ISA_USAGE = YES_ERROR;
				CLANG_WARN_DOCUMENTATION_COMMENTS = YES;
				CLANG_WARN_EMPTY_BODY = YES;
				CLANG_WARN_ENUM_CONVERSION = YES;
				CLANG_WARN_INFINITE_RECURSION = YES;
				CLANG_WARN_INT_CONVERSION = YES;
				CLANG_WARN_NON_LITERAL_NULL_CONVERSION = YES;
				CLANG_WARN_OBJC_IMPLICIT_RETAIN_SELF = YES;
				CLANG_WARN_OBJC_LITERAL_CONVERSION = YES;
				CLANG_WARN_OBJC_ROOT_CLASS = YES_ERROR;
				CLANG_WARN_QUOTED_INCLUDE_IN_FRAMEWORK_HEADER = YES;
				CLANG_WARN_RANGE_LOOP_ANALYSIS = YES;
				CLANG_WARN_STRICT_PROTOTYPES = YES;
				CLANG_WARN_SUSPICIOUS_MOVE = YES;
				CLANG_WARN_UNGUARDED_AVAILABILITY = YES_AGGRESSIVE;
				CLANG_WARN_UNREACHABLE_CODE = YES;
				CLANG_WARN__DUPLICATE_METHOD_MATCH = YES;
				COPY_PHASE_STRIP = NO;
				DEBUG_INFORMATION_FORMAT = "dwarf-with-dsym";
				DEVELOPMENT_TEAM = CGLRSQ8G95;
				ENABLE_NS_ASSERTIONS = NO;
				ENABLE_STRICT_OBJC_MSGSEND = YES;
				ENABLE_USER_SCRIPT_SANDBOXING = YES;
				GCC_C_LANGUAGE_STANDARD = gnu17;
				GCC_NO_COMMON_BLOCKS = YES;
				GCC_WARN_64_TO_32_BIT_CONVERSION = YES;
				GCC_WARN_ABOUT_RETURN_TYPE = YES_ERROR;
				GCC_WARN_UNDECLARED_SELECTOR = YES;
				GCC_WARN_UNINITIALIZED_AUTOS = YES_AGGRESSIVE;
				GCC_WARN_UNUSED_FUNCTION = YES;
				GCC_WARN_UNUSED_VARIABLE = YES;
				IPHONEOS_DEPLOYMENT_TARGET = 17.6;
				LOCALIZATION_PREFERS_STRING_CATALOGS = YES;
				MTL_ENABLE_DEBUG_INFO = NO;
				MTL_FAST_MATH = YES;
				SDKROOT = iphoneos;
				SWIFT_COMPILATION_MODE = wholemodule;
				VALIDATE_PRODUCT = YES;
			};
			name = Release;
		};
		4D38B5CB2DC91DAE0015A146 /* Debug */ = {
			isa = XCBuildConfiguration;
			buildSettings = {
				ASSETCATALOG_COMPILER_APPICON_NAME = AppIcon;
				ASSETCATALOG_COMPILER_GLOBAL_ACCENT_COLOR_NAME = AccentColor;
				CODE_SIGN_ENTITLEMENTS = "OuickShop by Mystore/OuickShop by Mystore.entitlements";
				CODE_SIGN_IDENTITY = "Apple Development";
				CODE_SIGN_STYLE = Automatic;
				CURRENT_PROJECT_VERSION = 1;
				DEVELOPMENT_ASSET_PATHS = "\"OuickShop by Mystore/Preview Content\"";
				DEVELOPMENT_TEAM = K2VPZ6QKK7;
				ENABLE_PREVIEWS = YES;
				GENERATE_INFOPLIST_FILE = YES;
				INFOPLIST_KEY_FirebaseAppDelegateProxyEnabled = NO;
				INFOPLIST_KEY_NSLocationWhenInUseUsageDescription = "QuickShop needs your location to find nearby stores and show accurate delivery times";
				INFOPLIST_KEY_UIApplicationSceneManifest_Generation = YES;
				INFOPLIST_KEY_UIApplicationSupportsIndirectInputEvents = YES;
				INFOPLIST_KEY_UILaunchScreen_Generation = YES;
				INFOPLIST_KEY_UISupportedInterfaceOrientations_iPad = "UIInterfaceOrientationPortrait UIInterfaceOrientationPortraitUpsideDown UIInterfaceOrientationLandscapeLeft UIInterfaceOrientationLandscapeRight";
				INFOPLIST_KEY_UISupportedInterfaceOrientations_iPhone = "UIInterfaceOrientationPortrait UIInterfaceOrientationLandscapeLeft UIInterfaceOrientationLandscapeRight";
				LD_RUNPATH_SEARCH_PATHS = (
					"$(inherited)",
					"@executable_path/Frameworks",
				);
				MARKETING_VERSION = 1.0;
				PRODUCT_BUNDLE_IDENTIFIER = "com.mystore.OuickShop-by-Mystore";
				PRODUCT_NAME = "$(TARGET_NAME)";
				PROVISIONING_PROFILE_SPECIFIER = "";
				SWIFT_EMIT_LOC_STRINGS = YES;
				SWIFT_VERSION = 5.0;
				TARGETED_DEVICE_FAMILY = "1,2";
			};
			name = Debug;
		};
		4D38B5CC2DC91DAE0015A146 /* Release */ = {
			isa = XCBuildConfiguration;
			buildSettings = {
				ASSETCATALOG_COMPILER_APPICON_NAME = AppIcon;
				ASSETCATALOG_COMPILER_GLOBAL_ACCENT_COLOR_NAME = AccentColor;
				CODE_SIGN_ENTITLEMENTS = "OuickShop by Mystore/OuickShop by Mystore.entitlements";
				CODE_SIGN_IDENTITY = "Apple Development";
				CODE_SIGN_STYLE = Automatic;
				CURRENT_PROJECT_VERSION = 1;
				DEVELOPMENT_ASSET_PATHS = "\"OuickShop by Mystore/Preview Content\"";
				DEVELOPMENT_TEAM = K2VPZ6QKK7;
				ENABLE_PREVIEWS = YES;
				GENERATE_INFOPLIST_FILE = YES;
				INFOPLIST_KEY_FirebaseAppDelegateProxyEnabled = NO;
				INFOPLIST_KEY_NSLocationWhenInUseUsageDescription = "QuickShop needs your location to find nearby stores and show accurate delivery times";
				INFOPLIST_KEY_UIApplicationSceneManifest_Generation = YES;
				INFOPLIST_KEY_UIApplicationSupportsIndirectInputEvents = YES;
				INFOPLIST_KEY_UILaunchScreen_Generation = YES;
				INFOPLIST_KEY_UISupportedInterfaceOrientations_iPad = "UIInterfaceOrientationPortrait UIInterfaceOrientationPortraitUpsideDown UIInterfaceOrientationLandscapeLeft UIInterfaceOrientationLandscapeRight";
				INFOPLIST_KEY_UISupportedInterfaceOrientations_iPhone = "UIInterfaceOrientationPortrait UIInterfaceOrientationLandscapeLeft UIInterfaceOrientationLandscapeRight";
				LD_RUNPATH_SEARCH_PATHS = (
					"$(inherited)",
					"@executable_path/Frameworks",
				);
				MARKETING_VERSION = 1.0;
				PRODUCT_BUNDLE_IDENTIFIER = "com.mystore.OuickShop-by-Mystore";
				PRODUCT_NAME = "$(TARGET_NAME)";
				PROVISIONING_PROFILE_SPECIFIER = "";
				SWIFT_EMIT_LOC_STRINGS = YES;
				SWIFT_VERSION = 5.0;
				TARGETED_DEVICE_FAMILY = "1,2";
			};
			name = Release;
		};
/* End XCBuildConfiguration section */

/* Begin XCConfigurationList section */
		4D38B5BA2DC91DAC0015A146 /* Build configuration list for PBXProject "OuickShop by Mystore" */ = {
			isa = XCConfigurationList;
			buildConfigurations = (
				4D38B5C82DC91DAE0015A146 /* Debug */,
				4D38B5C92DC91DAE0015A146 /* Release */,
			);
			defaultConfigurationIsVisible = 0;
			defaultConfigurationName = Release;
		};
		4D38B5CA2DC91DAE0015A146 /* Build configuration list for PBXNativeTarget "OuickShop by Mystore" */ = {
			isa = XCConfigurationList;
			buildConfigurations = (
				4D38B5CB2DC91DAE0015A146 /* Debug */,
				4D38B5CC2DC91DAE0015A146 /* Release */,
			);
			defaultConfigurationIsVisible = 0;
			defaultConfigurationName = Release;
		};
/* End XCConfigurationList section */

/* Begin XCRemoteSwiftPackageReference section */
		4D9667A72E0ED18E0085C316 /* XCRemoteSwiftPackageReference "firebase-ios-sdk" */ = {
			isa = XCRemoteSwiftPackageReference;
			repositoryURL = "https://github.com/firebase/firebase-ios-sdk";
			requirement = {
				kind = upToNextMajorVersion;
				minimumVersion = 11.15.0;
			};
		};
/* End XCRemoteSwiftPackageReference section */

/* Begin XCSwiftPackageProductDependency section */
		4D9667A82E0ED18E0085C316 /* FirebaseAnalytics */ = {
			isa = XCSwiftPackageProductDependency;
			package = 4D9667A72E0ED18E0085C316 /* XCRemoteSwiftPackageReference "firebase-ios-sdk" */;
			productName = FirebaseAnalytics;
		};
		4D9667AA2E0ED18E0085C316 /* FirebaseAuth */ = {
			isa = XCSwiftPackageProductDependency;
			package = 4D9667A72E0ED18E0085C316 /* XCRemoteSwiftPackageReference "firebase-ios-sdk" */;
			productName = FirebaseAuth;
		};
		4D9667AC2E0ED18E0085C316 /* FirebaseCrashlytics */ = {
			isa = XCSwiftPackageProductDependency;
			package = 4D9667A72E0ED18E0085C316 /* XCRemoteSwiftPackageReference "firebase-ios-sdk" */;
			productName = FirebaseCrashlytics;
		};
		4D9667AE2E0ED18E0085C316 /* FirebaseFirestore */ = {
			isa = XCSwiftPackageProductDependency;
			package = 4D9667A72E0ED18E0085C316 /* XCRemoteSwiftPackageReference "firebase-ios-sdk" */;
			productName = FirebaseFirestore;
		};
		4D9667B02E0ED18E0085C316 /* FirebaseFunctions */ = {
			isa = XCSwiftPackageProductDependency;
			package = 4D9667A72E0ED18E0085C316 /* XCRemoteSwiftPackageReference "firebase-ios-sdk" */;
			productName = FirebaseFunctions;
		};
		4D9667B22E0ED18E0085C316 /* FirebaseMessaging */ = {
			isa = XCSwiftPackageProductDependency;
			package = 4D9667A72E0ED18E0085C316 /* XCRemoteSwiftPackageReference "firebase-ios-sdk" */;
			productName = FirebaseMessaging;
		};
		4D9667B42E0ED18E0085C316 /* FirebasePerformance */ = {
			isa = XCSwiftPackageProductDependency;
			package = 4D9667A72E0ED18E0085C316 /* XCRemoteSwiftPackageReference "firebase-ios-sdk" */;
			productName = FirebasePerformance;
		};
		4D9667B62E0ED18E0085C316 /* FirebaseRemoteConfig */ = {
			isa = XCSwiftPackageProductDependency;
			package = 4D9667A72E0ED18E0085C316 /* XCRemoteSwiftPackageReference "firebase-ios-sdk" */;
			productName = FirebaseRemoteConfig;
		};
		4D9667B82E0ED18E0085C316 /* FirebaseStorage */ = {
			isa = XCSwiftPackageProductDependency;
			package = 4D9667A72E0ED18E0085C316 /* XCRemoteSwiftPackageReference "firebase-ios-sdk" */;
			productName = FirebaseStorage;
		};
/* End XCSwiftPackageProductDependency section */
	};
	rootObject = 4D38B5B72DC91DAC0015A146 /* Project object */;
}
